
Microsoft Visual Studio Solution File, Format Version 12.00
# Visual Studio Version 18
VisualStudioVersion = 18.0.11205.157
MinimumVisualStudioVersion = 10.0.40219.1
Project("{9A19103F-16F7-4668-BE54-9A1E7A4F7556}") = "Reihitsu.Analyzer", "Reihitsu.Analyzer\Reihitsu.Analyzer.csproj", "{3CD0BCF3-D255-4CEB-B9F5-F8B9AEAE9400}"
EndProject
Project("{9A19103F-16F7-4668-BE54-9A1E7A4F7556}") = "Reihitsu.Analyzer.CodeFixes", "Reihitsu.Analyzer.CodeFixes\Reihitsu.Analyzer.CodeFixes.csproj", "{656A7128-E770-4240-AF0B-F74C127BA307}"
EndProject
Project("{9A19103F-16F7-4668-BE54-9A1E7A4F7556}") = "Reihitsu.Analyzer.Package", "Reihitsu.Analyzer.Package\Reihitsu.Analyzer.Package.csproj", "{F84C1FEB-DA12-4DFD-8145-CBB2DF90A783}"
EndProject
Project("{9A19103F-16F7-4668-BE54-9A1E7A4F7556}") = "Reihitsu.Analyzer.Test", "Reihitsu.Analyzer.Test\Reihitsu.Analyzer.Test.csproj", "{5B04607B-ED64-4C9D-BF8E-6C18BD15C336}"
EndProject
Project("{2150E333-8FDC-42A3-9474-1A3956D46DE8}") = "Solution items", "Solution items", "{87152437-0D8A-494D-B340-D9C15D2732E7}"
	ProjectSection(SolutionItems) = preProject
		.editorconfig = .editorconfig
		.github\copilot-instructions.md = .github\copilot-instructions.md
		Directory.Build.props = Directory.Build.props
		LICENSE = LICENSE
		README.MD = README.MD
		.github\workflows\release.yml = .github\workflows\release.yml
		.github\workflows\SonarCloud.yml = .github\workflows\SonarCloud.yml
		StyleCop.Debug.ruleset = StyleCop.Debug.ruleset
		stylecop.json = stylecop.json
		StyleCop.Release.ruleset = StyleCop.Release.ruleset
	EndProjectSection
EndProject
Project("{2150E333-8FDC-42A3-9474-1A3956D46DE8}") = "Documentation", "Documentation", "{9181B59D-77D7-4315-96E3-A70028F84346}"
	ProjectSection(SolutionItems) = preProject
		documentation\rules\RH0001.md = documentation\rules\RH0001.md
		documentation\rules\RH0002.md = documentation\rules\RH0002.md
		documentation\rules\RH0003.md = documentation\rules\RH0003.md
		documentation\rules\RH0004.md = documentation\rules\RH0004.md
		documentation\rules\RH0005.md = documentation\rules\RH0005.md
		documentation\rules\RH0006.md = documentation\rules\RH0006.md
		documentation\rules\RH0007.md = documentation\rules\RH0007.md
		documentation\rules\RH0008.md = documentation\rules\RH0008.md
		documentation\rules\RH0009.md = documentation\rules\RH0009.md
		documentation\rules\RH0010.md = documentation\rules\RH0010.md
		documentation\rules\RH0011.md = documentation\rules\RH0011.md
		documentation\rules\RH0012.md = documentation\rules\RH0012.md
		documentation\rules\RH0013.md = documentation\rules\RH0013.md
		documentation\rules\RH0101.md = documentation\rules\RH0101.md
		documentation\rules\RH0102.md = documentation\rules\RH0102.md
		documentation\rules\RH0103.md = documentation\rules\RH0103.md
		documentation\rules\RH0104.md = documentation\rules\RH0104.md
		documentation\rules\RH0105.md = documentation\rules\RH0105.md
		documentation\rules\RH0106.md = documentation\rules\RH0106.md
		documentation\rules\RH0107.md = documentation\rules\RH0107.md
		documentation\rules\RH0108.md = documentation\rules\RH0108.md
		documentation\rules\RH0109.md = documentation\rules\RH0109.md
		documentation\rules\RH0110.md = documentation\rules\RH0110.md
		documentation\rules\RH0111.md = documentation\rules\RH0111.md
		documentation\rules\RH0112.md = documentation\rules\RH0112.md
		documentation\rules\RH0201.md = documentation\rules\RH0201.md
		documentation\rules\RH0202.md = documentation\rules\RH0202.md
		documentation\rules\RH0203.md = documentation\rules\RH0203.md
		documentation\rules\RH0204.md = documentation\rules\RH0204.md
		documentation\rules\RH0205.md = documentation\rules\RH0205.md
		documentation\rules\RH0206.md = documentation\rules\RH0206.md
		documentation\rules\RH0207.md = documentation\rules\RH0207.md
		documentation\rules\RH0208.md = documentation\rules\RH0208.md
		documentation\rules\RH0209.md = documentation\rules\RH0209.md
		documentation\rules\RH0210.md = documentation\rules\RH0210.md
		documentation\rules\RH0211.md = documentation\rules\RH0211.md
		documentation\rules\RH0212.md = documentation\rules\RH0212.md
		documentation\rules\RH0213.md = documentation\rules\RH0213.md
		documentation\rules\RH0214.md = documentation\rules\RH0214.md
		documentation\rules\RH0215.md = documentation\rules\RH0215.md
		documentation\rules\RH0216.md = documentation\rules\RH0216.md
		documentation\rules\RH0217.md = documentation\rules\RH0217.md
		documentation\rules\RH0218.md = documentation\rules\RH0218.md
		documentation\rules\RH0219.md = documentation\rules\RH0219.md
		documentation\rules\RH0220.md = documentation\rules\RH0220.md
		documentation\rules\RH0221.md = documentation\rules\RH0221.md
		documentation\rules\RH0222.md = documentation\rules\RH0222.md
		documentation\rules\RH0223.md = documentation\rules\RH0223.md
		documentation\rules\RH0224.md = documentation\rules\RH0224.md
		documentation\rules\RH0225.md = documentation\rules\RH0225.md
		documentation\rules\RH0226.md = documentation\rules\RH0226.md
		documentation\rules\RH0227.md = documentation\rules\RH0227.md
		documentation\rules\RH0228.md = documentation\rules\RH0228.md
		documentation\rules\RH0301.md = documentation\rules\RH0301.md
		documentation\rules\RH0302.md = documentation\rules\RH0302.md
		documentation\rules\RH0303.md = documentation\rules\RH0303.md
		documentation\rules\RH0304.md = documentation\rules\RH0304.md
		documentation\rules\RH0305.md = documentation\rules\RH0305.md
		documentation\rules\RH0306.md = documentation\rules\RH0306.md
		documentation\rules\RH0307.md = documentation\rules\RH0307.md
		documentation\rules\RH0308.md = documentation\rules\RH0308.md
		documentation\rules\RH0309.md = documentation\rules\RH0309.md
		documentation\rules\RH0310.md = documentation\rules\RH0310.md
		documentation\rules\RH0311.md = documentation\rules\RH0311.md
		documentation\rules\RH0312.md = documentation\rules\RH0312.md
		documentation\rules\RH0313.md = documentation\rules\RH0313.md
		documentation\rules\RH0314.md = documentation\rules\RH0314.md
		documentation\rules\RH0315.md = documentation\rules\RH0315.md
		documentation\rules\RH0316.md = documentation\rules\RH0316.md
		documentation\rules\RH0317.md = documentation\rules\RH0317.md
		documentation\rules\RH0318.md = documentation\rules\RH0318.md
		documentation\rules\RH0319.md = documentation\rules\RH0319.md
		documentation\rules\RH0320.md = documentation\rules\RH0320.md
		documentation\rules\RH0321.md = documentation\rules\RH0321.md
		documentation\rules\RH0322.md = documentation\rules\RH0322.md
		documentation\rules\RH0323.md = documentation\rules\RH0323.md
		documentation\rules\RH0324.md = documentation\rules\RH0324.md
		documentation\rules\RH0325.md = documentation\rules\RH0325.md
		documentation\rules\RH0326.md = documentation\rules\RH0326.md
		documentation\rules\RH0327.md = documentation\rules\RH0327.md
		documentation\rules\RH0328.md = documentation\rules\RH0328.md
		documentation\rules\RH0329.md = documentation\rules\RH0329.md
		documentation\rules\RH0330.md = documentation\rules\RH0330.md
		documentation\rules\RH0331.md = documentation\rules\RH0331.md
		documentation\rules\RH0332.md = documentation\rules\RH0332.md
		documentation\rules\RH0333.md = documentation\rules\RH0333.md
		documentation\rules\RH0334.md = documentation\rules\RH0334.md
		documentation\rules\RH0335.md = documentation\rules\RH0335.md
		documentation\rules\RH0336.md = documentation\rules\RH0336.md
		documentation\rules\RH0337.md = documentation\rules\RH0337.md
		documentation\rules\RH0338.md = documentation\rules\RH0338.md
		documentation\rules\RH0339.md = documentation\rules\RH0339.md
		documentation\rules\RH0340.md = documentation\rules\RH0340.md
		documentation\rules\RH0341.md = documentation\rules\RH0341.md
		documentation\rules\RH0342.md = documentation\rules\RH0342.md
		documentation\rules\RH0343.md = documentation\rules\RH0343.md
		documentation\rules\RH0344.md = documentation\rules\RH0344.md
		documentation\rules\RH0345.md = documentation\rules\RH0345.md
		documentation\rules\RH0346.md = documentation\rules\RH0346.md
		documentation\rules\RH0347.md = documentation\rules\RH0347.md
		documentation\rules\RH0348.md = documentation\rules\RH0348.md
		documentation\rules\RH0349.md = documentation\rules\RH0349.md
		documentation\rules\RH0350.md = documentation\rules\RH0350.md
		documentation\rules\RH0351.md = documentation\rules\RH0351.md
		documentation\rules\RH0352.md = documentation\rules\RH0352.md
		documentation\rules\RH0353.md = documentation\rules\RH0353.md
		documentation\rules\RH0354.md = documentation\rules\RH0354.md
		documentation\rules\RH0355.md = documentation\rules\RH0355.md
		documentation\rules\RH0356.md = documentation\rules\RH0356.md
		documentation\rules\RH0357.md = documentation\rules\RH0357.md
		documentation\rules\RH0358.md = documentation\rules\RH0358.md
		documentation\rules\RH0359.md = documentation\rules\RH0359.md
		documentation\rules\RH0360.md = documentation\rules\RH0360.md
		documentation\rules\RH0361.md = documentation\rules\RH0361.md
		documentation\rules\RH0362.md = documentation\rules\RH0362.md
		documentation\rules\RH0363.md = documentation\rules\RH0363.md
		documentation\rules\RH0364.md = documentation\rules\RH0364.md
		documentation\rules\RH0365.md = documentation\rules\RH0365.md
		documentation\rules\RH0366.md = documentation\rules\RH0366.md
		documentation\rules\RH0367.md = documentation\rules\RH0367.md
		documentation\rules\RH0368.md = documentation\rules\RH0368.md
		documentation\rules\RH0369.md = documentation\rules\RH0369.md
		documentation\rules\RH0370.md = documentation\rules\RH0370.md
		documentation\rules\RH0371.md = documentation\rules\RH0371.md
		documentation\rules\RH0372.md = documentation\rules\RH0372.md
		documentation\rules\RH0373.md = documentation\rules\RH0373.md
		documentation\rules\RH0374.md = documentation\rules\RH0374.md
		documentation\rules\RH0375.md = documentation\rules\RH0375.md
		documentation\rules\RH0376.md = documentation\rules\RH0376.md
		documentation\rules\RH0377.md = documentation\rules\RH0377.md
		documentation\rules\RH0378.md = documentation\rules\RH0378.md
		documentation\rules\RH0379.md = documentation\rules\RH0379.md
		documentation\rules\RH0380.md = documentation\rules\RH0380.md
		documentation\rules\RH0381.md = documentation\rules\RH0381.md
		documentation\rules\RH0382.md = documentation\rules\RH0382.md
		documentation\rules\RH0383.md = documentation\rules\RH0383.md
		documentation\rules\RH0384.md = documentation\rules\RH0384.md
		documentation\rules\RH0401.md = documentation\rules\RH0401.md
		documentation\rules\RH0402.md = documentation\rules\RH0402.md
		documentation\rules\RH0403.md = documentation\rules\RH0403.md
		documentation\rules\RH0404.md = documentation\rules\RH0404.md
		documentation\rules\RH0405.md = documentation\rules\RH0405.md
		documentation\rules\RH0406.md = documentation\rules\RH0406.md
		documentation\rules\RH0407.md = documentation\rules\RH0407.md
		documentation\rules\RH0408.md = documentation\rules\RH0408.md
		documentation\rules\RH0409.md = documentation\rules\RH0409.md
		documentation\rules\RH0410.md = documentation\rules\RH0410.md
		documentation\rules\RH0411.md = documentation\rules\RH0411.md
		documentation\rules\RH0412.md = documentation\rules\RH0412.md
		documentation\rules\RH0413.md = documentation\rules\RH0413.md
		documentation\rules\RH0414.md = documentation\rules\RH0414.md
		documentation\rules\RH0415.md = documentation\rules\RH0415.md
		documentation\rules\RH0416.md = documentation\rules\RH0416.md
		documentation\rules\RH0417.md = documentation\rules\RH0417.md
		documentation\rules\RH0418.md = documentation\rules\RH0418.md
		documentation\rules\RH0419.md = documentation\rules\RH0419.md
		documentation\rules\RH0420.md = documentation\rules\RH0420.md
		documentation\rules\RH0421.md = documentation\rules\RH0421.md
		documentation\rules\RH0422.md = documentation\rules\RH0422.md
		documentation\rules\RH0423.md = documentation\rules\RH0423.md
		documentation\rules\RH0424.md = documentation\rules\RH0424.md
		documentation\rules\RH0425.md = documentation\rules\RH0425.md
		documentation\rules\RH0426.md = documentation\rules\RH0426.md
		documentation\rules\RH0427.md = documentation\rules\RH0427.md
		documentation\rules\RH0428.md = documentation\rules\RH0428.md
		documentation\rules\RH0429.md = documentation\rules\RH0429.md
		documentation\rules\RH0430.md = documentation\rules\RH0430.md
		documentation\rules\RH0431.md = documentation\rules\RH0431.md
		documentation\rules\RH0432.md = documentation\rules\RH0432.md
		documentation\rules\RH0433.md = documentation\rules\RH0433.md
		documentation\rules\RH0434.md = documentation\rules\RH0434.md
		documentation\rules\RH0435.md = documentation\rules\RH0435.md
		documentation\rules\RH0436.md = documentation\rules\RH0436.md
		documentation\rules\RH0437.md = documentation\rules\RH0437.md
		documentation\rules\RH0438.md = documentation\rules\RH0438.md
		documentation\rules\RH0439.md = documentation\rules\RH0439.md
		documentation\rules\RH0440.md = documentation\rules\RH0440.md
		documentation\rules\RH0441.md = documentation\rules\RH0441.md
		documentation\rules\RH0442.md = documentation\rules\RH0442.md
		documentation\rules\RH0443.md = documentation\rules\RH0443.md
		documentation\rules\RH0444.md = documentation\rules\RH0444.md
		documentation\rules\RH0445.md = documentation\rules\RH0445.md
		documentation\rules\RH0446.md = documentation\rules\RH0446.md
		documentation\rules\RH0501.md = documentation\rules\RH0501.md
		documentation\rules\RH0502.md = documentation\rules\RH0502.md
		documentation\rules\RH0601.md = documentation\rules\RH0601.md
		documentation\rules\RH0602.md = documentation\rules\RH0602.md
		documentation\rules\RH0603.md = documentation\rules\RH0603.md
		documentation\rules\RH0604.md = documentation\rules\RH0604.md
		documentation\rules\RH0605.md = documentation\rules\RH0605.md
		documentation\rules\RH0606.md = documentation\rules\RH0606.md
		documentation\rules\RH0607.md = documentation\rules\RH0607.md
		documentation\rules\RH0608.md = documentation\rules\RH0608.md
		documentation\rules\RH0609.md = documentation\rules\RH0609.md
		documentation\rules\RH0610.md = documentation\rules\RH0610.md
		documentation\rules\RH0611.md = documentation\rules\RH0611.md
		documentation\rules\RH0612.md = documentation\rules\RH0612.md
		documentation\rules\RH0613.md = documentation\rules\RH0613.md
		documentation\rules\RH0614.md = documentation\rules\RH0614.md
	EndProjectSection
EndProject
Project("{FAE04EC0-301F-11D3-BF4B-00C04F79EFBC}") = "Reihitsu.Formatter", "Reihitsu.Formatter\Reihitsu.Formatter.csproj", "{E0C1F14C-6D72-4719-998B-F076CFCD665C}"
EndProject
Project("{FAE04EC0-301F-11D3-BF4B-00C04F79EFBC}") = "Reihitsu.Formatter.Test", "Reihitsu.Formatter.Test\Reihitsu.Formatter.Test.csproj", "{C55DE3AC-3027-4B8B-AE2A-12FDBBB3B908}"
EndProject
Project("{FAE04EC0-301F-11D3-BF4B-00C04F79EFBC}") = "Reihitsu.Cli", "Reihitsu.Cli\Reihitsu.Cli.csproj", "{A1B2C3D4-E5F6-7890-ABCD-EF1234567890}"
EndProject
Project("{FAE04EC0-301F-11D3-BF4B-00C04F79EFBC}") = "Reihitsu.Cli.Test", "Reihitsu.Cli.Test\Reihitsu.Cli.Test.csproj", "{CEFCDC4D-1738-4B47-8212-CB37FF659773}"
EndProject
Project("{2150E333-8FDC-42A3-9474-1A3956D46DE8}") = "Scripts", "Scripts", "{5EEF23E5-D408-4949-9A9B-42D96B35882D}"
	ProjectSection(SolutionItems) = preProject
		scripts\install_cli.ps1 = scripts\install_cli.ps1
	EndProjectSection
EndProject
Global
	GlobalSection(SolutionConfigurationPlatforms) = preSolution
		Debug|Any CPU = Debug|Any CPU
		Debug|x64 = Debug|x64
		Debug|x86 = Debug|x86
		Release|Any CPU = Release|Any CPU
		Release|x64 = Release|x64
		Release|x86 = Release|x86
	EndGlobalSection
	GlobalSection(ProjectConfigurationPlatforms) = postSolution
		{3CD0BCF3-D255-4CEB-B9F5-F8B9AEAE9400}.Debug|Any CPU.ActiveCfg = Debug|Any CPU
		{3CD0BCF3-D255-4CEB-B9F5-F8B9AEAE9400}.Debug|Any CPU.Build.0 = Debug|Any CPU
		{3CD0BCF3-D255-4CEB-B9F5-F8B9AEAE9400}.Debug|x64.ActiveCfg = Debug|Any CPU
		{3CD0BCF3-D255-4CEB-B9F5-F8B9AEAE9400}.Debug|x64.Build.0 = Debug|Any CPU
		{3CD0BCF3-D255-4CEB-B9F5-F8B9AEAE9400}.Debug|x86.ActiveCfg = Debug|Any CPU
		{3CD0BCF3-D255-4CEB-B9F5-F8B9AEAE9400}.Debug|x86.Build.0 = Debug|Any CPU
		{3CD0BCF3-D255-4CEB-B9F5-F8B9AEAE9400}.Release|Any CPU.ActiveCfg = Release|Any CPU
		{3CD0BCF3-D255-4CEB-B9F5-F8B9AEAE9400}.Release|Any CPU.Build.0 = Release|Any CPU
		{3CD0BCF3-D255-4CEB-B9F5-F8B9AEAE9400}.Release|x64.ActiveCfg = Release|Any CPU
		{3CD0BCF3-D255-4CEB-B9F5-F8B9AEAE9400}.Release|x64.Build.0 = Release|Any CPU
		{3CD0BCF3-D255-4CEB-B9F5-F8B9AEAE9400}.Release|x86.ActiveCfg = Release|Any CPU
		{3CD0BCF3-D255-4CEB-B9F5-F8B9AEAE9400}.Release|x86.Build.0 = Release|Any CPU
		{656A7128-E770-4240-AF0B-F74C127BA307}.Debug|Any CPU.ActiveCfg = Debug|Any CPU
		{656A7128-E770-4240-AF0B-F74C127BA307}.Debug|Any CPU.Build.0 = Debug|Any CPU
		{656A7128-E770-4240-AF0B-F74C127BA307}.Debug|x64.ActiveCfg = Debug|Any CPU
		{656A7128-E770-4240-AF0B-F74C127BA307}.Debug|x64.Build.0 = Debug|Any CPU
		{656A7128-E770-4240-AF0B-F74C127BA307}.Debug|x86.ActiveCfg = Debug|Any CPU
		{656A7128-E770-4240-AF0B-F74C127BA307}.Debug|x86.Build.0 = Debug|Any CPU
		{656A7128-E770-4240-AF0B-F74C127BA307}.Release|Any CPU.ActiveCfg = Release|Any CPU
		{656A7128-E770-4240-AF0B-F74C127BA307}.Release|Any CPU.Build.0 = Release|Any CPU
		{656A7128-E770-4240-AF0B-F74C127BA307}.Release|x64.ActiveCfg = Release|Any CPU
		{656A7128-E770-4240-AF0B-F74C127BA307}.Release|x64.Build.0 = Release|Any CPU
		{656A7128-E770-4240-AF0B-F74C127BA307}.Release|x86.ActiveCfg = Release|Any CPU
		{656A7128-E770-4240-AF0B-F74C127BA307}.Release|x86.Build.0 = Release|Any CPU
		{F84C1FEB-DA12-4DFD-8145-CBB2DF90A783}.Debug|Any CPU.ActiveCfg = Debug|Any CPU
		{F84C1FEB-DA12-4DFD-8145-CBB2DF90A783}.Debug|x64.ActiveCfg = Debug|Any CPU
		{F84C1FEB-DA12-4DFD-8145-CBB2DF90A783}.Debug|x64.Build.0 = Debug|Any CPU
		{F84C1FEB-DA12-4DFD-8145-CBB2DF90A783}.Debug|x86.ActiveCfg = Debug|Any CPU
		{F84C1FEB-DA12-4DFD-8145-CBB2DF90A783}.Debug|x86.Build.0 = Debug|Any CPU
		{F84C1FEB-DA12-4DFD-8145-CBB2DF90A783}.Release|Any CPU.ActiveCfg = Release|Any CPU
		{F84C1FEB-DA12-4DFD-8145-CBB2DF90A783}.Release|Any CPU.Build.0 = Release|Any CPU
		{F84C1FEB-DA12-4DFD-8145-CBB2DF90A783}.Release|x64.ActiveCfg = Release|Any CPU
		{F84C1FEB-DA12-4DFD-8145-CBB2DF90A783}.Release|x64.Build.0 = Release|Any CPU
		{F84C1FEB-DA12-4DFD-8145-CBB2DF90A783}.Release|x86.ActiveCfg = Release|Any CPU
		{F84C1FEB-DA12-4DFD-8145-CBB2DF90A783}.Release|x86.Build.0 = Release|Any CPU
		{5B04607B-ED64-4C9D-BF8E-6C18BD15C336}.Debug|Any CPU.ActiveCfg = Debug|Any CPU
		{5B04607B-ED64-4C9D-BF8E-6C18BD15C336}.Debug|Any CPU.Build.0 = Debug|Any CPU
		{5B04607B-ED64-4C9D-BF8E-6C18BD15C336}.Debug|x64.ActiveCfg = Debug|Any CPU
		{5B04607B-ED64-4C9D-BF8E-6C18BD15C336}.Debug|x64.Build.0 = Debug|Any CPU
		{5B04607B-ED64-4C9D-BF8E-6C18BD15C336}.Debug|x86.ActiveCfg = Debug|Any CPU
		{5B04607B-ED64-4C9D-BF8E-6C18BD15C336}.Debug|x86.Build.0 = Debug|Any CPU
		{5B04607B-ED64-4C9D-BF8E-6C18BD15C336}.Release|Any CPU.ActiveCfg = Release|Any CPU
		{5B04607B-ED64-4C9D-BF8E-6C18BD15C336}.Release|Any CPU.Build.0 = Release|Any CPU
		{5B04607B-ED64-4C9D-BF8E-6C18BD15C336}.Release|x64.ActiveCfg = Release|Any CPU
		{5B04607B-ED64-4C9D-BF8E-6C18BD15C336}.Release|x64.Build.0 = Release|Any CPU
		{5B04607B-ED64-4C9D-BF8E-6C18BD15C336}.Release|x86.ActiveCfg = Release|Any CPU
		{5B04607B-ED64-4C9D-BF8E-6C18BD15C336}.Release|x86.Build.0 = Release|Any CPU
		{E0C1F14C-6D72-4719-998B-F076CFCD665C}.Debug|Any CPU.ActiveCfg = Debug|Any CPU
		{E0C1F14C-6D72-4719-998B-F076CFCD665C}.Debug|Any CPU.Build.0 = Debug|Any CPU
		{E0C1F14C-6D72-4719-998B-F076CFCD665C}.Debug|x64.ActiveCfg = Debug|Any CPU
		{E0C1F14C-6D72-4719-998B-F076CFCD665C}.Debug|x64.Build.0 = Debug|Any CPU
		{E0C1F14C-6D72-4719-998B-F076CFCD665C}.Debug|x86.ActiveCfg = Debug|Any CPU
		{E0C1F14C-6D72-4719-998B-F076CFCD665C}.Debug|x86.Build.0 = Debug|Any CPU
		{E0C1F14C-6D72-4719-998B-F076CFCD665C}.Release|Any CPU.ActiveCfg = Release|Any CPU
		{E0C1F14C-6D72-4719-998B-F076CFCD665C}.Release|Any CPU.Build.0 = Release|Any CPU
		{E0C1F14C-6D72-4719-998B-F076CFCD665C}.Release|x64.ActiveCfg = Release|Any CPU
		{E0C1F14C-6D72-4719-998B-F076CFCD665C}.Release|x64.Build.0 = Release|Any CPU
		{E0C1F14C-6D72-4719-998B-F076CFCD665C}.Release|x86.ActiveCfg = Release|Any CPU
		{E0C1F14C-6D72-4719-998B-F076CFCD665C}.Release|x86.Build.0 = Release|Any CPU
		{C55DE3AC-3027-4B8B-AE2A-12FDBBB3B908}.Debug|Any CPU.ActiveCfg = Debug|Any CPU
		{C55DE3AC-3027-4B8B-AE2A-12FDBBB3B908}.Debug|Any CPU.Build.0 = Debug|Any CPU
		{C55DE3AC-3027-4B8B-AE2A-12FDBBB3B908}.Debug|x64.ActiveCfg = Debug|Any CPU
		{C55DE3AC-3027-4B8B-AE2A-12FDBBB3B908}.Debug|x64.Build.0 = Debug|Any CPU
		{C55DE3AC-3027-4B8B-AE2A-12FDBBB3B908}.Debug|x86.ActiveCfg = Debug|Any CPU
		{C55DE3AC-3027-4B8B-AE2A-12FDBBB3B908}.Debug|x86.Build.0 = Debug|Any CPU
		{C55DE3AC-3027-4B8B-AE2A-12FDBBB3B908}.Release|Any CPU.ActiveCfg = Release|Any CPU
		{C55DE3AC-3027-4B8B-AE2A-12FDBBB3B908}.Release|Any CPU.Build.0 = Release|Any CPU
		{C55DE3AC-3027-4B8B-AE2A-12FDBBB3B908}.Release|x64.ActiveCfg = Release|Any CPU
		{C55DE3AC-3027-4B8B-AE2A-12FDBBB3B908}.Release|x64.Build.0 = Release|Any CPU
		{C55DE3AC-3027-4B8B-AE2A-12FDBBB3B908}.Release|x86.ActiveCfg = Release|Any CPU
		{C55DE3AC-3027-4B8B-AE2A-12FDBBB3B908}.Release|x86.Build.0 = Release|Any CPU
		{A1B2C3D4-E5F6-7890-ABCD-EF1234567890}.Debug|Any CPU.ActiveCfg = Debug|Any CPU
		{A1B2C3D4-E5F6-7890-ABCD-EF1234567890}.Debug|Any CPU.Build.0 = Debug|Any CPU
		{A1B2C3D4-E5F6-7890-ABCD-EF1234567890}.Debug|x64.ActiveCfg = Debug|Any CPU
		{A1B2C3D4-E5F6-7890-ABCD-EF1234567890}.Debug|x64.Build.0 = Debug|Any CPU
		{A1B2C3D4-E5F6-7890-ABCD-EF1234567890}.Debug|x86.ActiveCfg = Debug|Any CPU
		{A1B2C3D4-E5F6-7890-ABCD-EF1234567890}.Debug|x86.Build.0 = Debug|Any CPU
		{A1B2C3D4-E5F6-7890-ABCD-EF1234567890}.Release|Any CPU.ActiveCfg = Release|Any CPU
		{A1B2C3D4-E5F6-7890-ABCD-EF1234567890}.Release|Any CPU.Build.0 = Release|Any CPU
		{A1B2C3D4-E5F6-7890-ABCD-EF1234567890}.Release|x64.ActiveCfg = Release|Any CPU
		{A1B2C3D4-E5F6-7890-ABCD-EF1234567890}.Release|x64.Build.0 = Release|Any CPU
		{A1B2C3D4-E5F6-7890-ABCD-EF1234567890}.Release|x86.ActiveCfg = Release|Any CPU
		{A1B2C3D4-E5F6-7890-ABCD-EF1234567890}.Release|x86.Build.0 = Release|Any CPU
		{CEFCDC4D-1738-4B47-8212-CB37FF659773}.Debug|Any CPU.ActiveCfg = Debug|Any CPU
		{CEFCDC4D-1738-4B47-8212-CB37FF659773}.Debug|Any CPU.Build.0 = Debug|Any CPU
		{CEFCDC4D-1738-4B47-8212-CB37FF659773}.Debug|x64.ActiveCfg = Debug|Any CPU
		{CEFCDC4D-1738-4B47-8212-CB37FF659773}.Debug|x64.Build.0 = Debug|Any CPU
		{CEFCDC4D-1738-4B47-8212-CB37FF659773}.Debug|x86.ActiveCfg = Debug|Any CPU
		{CEFCDC4D-1738-4B47-8212-CB37FF659773}.Debug|x86.Build.0 = Debug|Any CPU
		{CEFCDC4D-1738-4B47-8212-CB37FF659773}.Release|Any CPU.ActiveCfg = Release|Any CPU
		{CEFCDC4D-1738-4B47-8212-CB37FF659773}.Release|Any CPU.Build.0 = Release|Any CPU
		{CEFCDC4D-1738-4B47-8212-CB37FF659773}.Release|x64.ActiveCfg = Release|Any CPU
		{CEFCDC4D-1738-4B47-8212-CB37FF659773}.Release|x64.Build.0 = Release|Any CPU
		{CEFCDC4D-1738-4B47-8212-CB37FF659773}.Release|x86.ActiveCfg = Release|Any CPU
		{CEFCDC4D-1738-4B47-8212-CB37FF659773}.Release|x86.Build.0 = Release|Any CPU
	EndGlobalSection
	GlobalSection(SolutionProperties) = preSolution
		HideSolutionNode = FALSE
	EndGlobalSection
	GlobalSection(ExtensibilityGlobals) = postSolution
		SolutionGuid = {137BBE7E-6903-4FD7-9BAC-0E9EB957D647}
	EndGlobalSection
EndGlobal