
Microsoft Visual Studio Solution File, Format Version 12.00
# Visual Studio Version 17
VisualStudioVersion = 17.6.33829.357
MinimumVisualStudioVersion = 10.0.40219.1
Project("{9A19103F-16F7-4668-BE54-9A1E7A4F7556}") = "Reihitsu.Analyzer", "Reihitsu.Analyzer\Reihitsu.Analyzer\Reihitsu.Analyzer.csproj", "{3CD0BCF3-D255-4CEB-B9F5-F8B9AEAE9400}"
EndProject
Project("{9A19103F-16F7-4668-BE54-9A1E7A4F7556}") = "Reihitsu.Analyzer.CodeFixes", "Reihitsu.Analyzer\Reihitsu.Analyzer.CodeFixes\Reihitsu.Analyzer.CodeFixes.csproj", "{656A7128-E770-4240-AF0B-F74C127BA307}"
EndProject
Project("{9A19103F-16F7-4668-BE54-9A1E7A4F7556}") = "Reihitsu.Analyzer.Package", "Reihitsu.Analyzer\Reihitsu.Analyzer.Package\Reihitsu.Analyzer.Package.csproj", "{F84C1FEB-DA12-4DFD-8145-CBB2DF90A783}"
EndProject
Project("{9A19103F-16F7-4668-BE54-9A1E7A4F7556}") = "Reihitsu.Analyzer.Test", "Reihitsu.Analyzer\Reihitsu.Analyzer.Test\Reihitsu.Analyzer.Test.csproj", "{5B04607B-ED64-4C9D-BF8E-6C18BD15C336}"
EndProject
Project("{9A19103F-16F7-4668-BE54-9A1E7A4F7556}") = "Reihitsu.Analyzer.Vsix", "Reihitsu.Analyzer\Reihitsu.Analyzer.Vsix\Reihitsu.Analyzer.Vsix.csproj", "{36AA5C15-BF59-4066-A5CF-3FF399AD3E5D}"
EndProject
Project("{2150E333-8FDC-42A3-9474-1A3956D46DE8}") = "Solution items", "Solution items", "{87152437-0D8A-494D-B340-D9C15D2732E7}"
	ProjectSection(SolutionItems) = preProject
		Directory.Build.props = Directory.Build.props
		LICENSE = LICENSE
		README.MD = README.MD
		StyleCop.Debug.ruleset = StyleCop.Debug.ruleset
		stylecop.json = stylecop.json
		StyleCop.Release.ruleset = StyleCop.Release.ruleset
	EndProjectSection
EndProject
Global
	GlobalSection(SolutionConfigurationPlatforms) = preSolution
		Debug|Any CPU = Debug|Any CPU
		Release|Any CPU = Release|Any CPU
	EndGlobalSection
	GlobalSection(ProjectConfigurationPlatforms) = postSolution
		{3CD0BCF3-D255-4CEB-B9F5-F8B9AEAE9400}.Debug|Any CPU.ActiveCfg = Debug|Any CPU
		{3CD0BCF3-D255-4CEB-B9F5-F8B9AEAE9400}.Debug|Any CPU.Build.0 = Debug|Any CPU
		{3CD0BCF3-D255-4CEB-B9F5-F8B9AEAE9400}.Release|Any CPU.ActiveCfg = Release|Any CPU
		{3CD0BCF3-D255-4CEB-B9F5-F8B9AEAE9400}.Release|Any CPU.Build.0 = Release|Any CPU
		{656A7128-E770-4240-AF0B-F74C127BA307}.Debug|Any CPU.ActiveCfg = Debug|Any CPU
		{656A7128-E770-4240-AF0B-F74C127BA307}.Debug|Any CPU.Build.0 = Debug|Any CPU
		{656A7128-E770-4240-AF0B-F74C127BA307}.Release|Any CPU.ActiveCfg = Release|Any CPU
		{656A7128-E770-4240-AF0B-F74C127BA307}.Release|Any CPU.Build.0 = Release|Any CPU
		{F84C1FEB-DA12-4DFD-8145-CBB2DF90A783}.Debug|Any CPU.ActiveCfg = Debug|Any CPU
		{F84C1FEB-DA12-4DFD-8145-CBB2DF90A783}.Debug|Any CPU.Build.0 = Debug|Any CPU
		{F84C1FEB-DA12-4DFD-8145-CBB2DF90A783}.Release|Any CPU.ActiveCfg = Release|Any CPU
		{F84C1FEB-DA12-4DFD-8145-CBB2DF90A783}.Release|Any CPU.Build.0 = Release|Any CPU
		{5B04607B-ED64-4C9D-BF8E-6C18BD15C336}.Debug|Any CPU.ActiveCfg = Debug|Any CPU
		{5B04607B-ED64-4C9D-BF8E-6C18BD15C336}.Debug|Any CPU.Build.0 = Debug|Any CPU
		{5B04607B-ED64-4C9D-BF8E-6C18BD15C336}.Release|Any CPU.ActiveCfg = Release|Any CPU
		{5B04607B-ED64-4C9D-BF8E-6C18BD15C336}.Release|Any CPU.Build.0 = Release|Any CPU
		{36AA5C15-BF59-4066-A5CF-3FF399AD3E5D}.Debug|Any CPU.ActiveCfg = Debug|Any CPU
		{36AA5C15-BF59-4066-A5CF-3FF399AD3E5D}.Debug|Any CPU.Build.0 = Debug|Any CPU
		{36AA5C15-BF59-4066-A5CF-3FF399AD3E5D}.Release|Any CPU.ActiveCfg = Release|Any CPU
		{36AA5C15-BF59-4066-A5CF-3FF399AD3E5D}.Release|Any CPU.Build.0 = Release|Any CPU
	EndGlobalSection
	GlobalSection(SolutionProperties) = preSolution
		HideSolutionNode = FALSE
	EndGlobalSection
	GlobalSection(ExtensibilityGlobals) = postSolution
		SolutionGuid = {137BBE7E-6903-4FD7-9BAC-0E9EB957D647}
	EndGlobalSection
EndGlobal
