
Microsoft Visual Studio Solution File, Format Version 12.00
# Visual Studio Version 18
VisualStudioVersion = 18.0.11205.157
MinimumVisualStudioVersion = 10.0.40219.1
Project("{9A19103F-16F7-4668-BE54-9A1E7A4F7556}") = "Reihitsu.Analyzer", "Reihitsu.Analyzer\Reihitsu.Analyzer.csproj", "{3CD0BCF3-D255-4CEB-B9F5-F8B9AEAE9400}"
EndProject
Project("{9A19103F-16F7-4668-BE54-9A1E7A4F7556}") = "Reihitsu.Analyzer.CodeFixes", "Reihitsu.Analyzer.CodeFixes\Reihitsu.Analyzer.CodeFixes.csproj", "{656A7128-E770-4240-AF0B-F74C127BA307}"
EndProject
Project("{9A19103F-16F7-4668-BE54-9A1E7A4F7556}") = "Reihitsu.Analyzer.Package", "Reihitsu.Analyzer.Package\Reihitsu.Analyzer.Package.csproj", "{F84C1FEB-DA12-4DFD-8145-CBB2DF90A783}"
EndProject
Project("{9A19103F-16F7-4668-BE54-9A1E7A4F7556}") = "Reihitsu.Analyzer.Test", "Reihitsu.Analyzer.Test\Reihitsu.Analyzer.Test.csproj", "{5B04607B-ED64-4C9D-BF8E-6C18BD15C336}"
EndProject
Project("{2150E333-8FDC-42A3-9474-1A3956D46DE8}") = "Solution items", "Solution items", "{87152437-0D8A-494D-B340-D9C15D2732E7}"
	ProjectSection(SolutionItems) = preProject
		.editorconfig = .editorconfig
		CLAUDE.md = CLAUDE.md
		.github\copilot-instructions.md = .github\copilot-instructions.md
		Debug.ruleset = Debug.ruleset
		Directory.Build.props = Directory.Build.props
		LICENSE = LICENSE
		README.MD = README.MD
		Release.ruleset = Release.ruleset
		.github\workflows\release.yml = .github\workflows\release.yml
		.github\workflows\SonarCloud.yml = .github\workflows\SonarCloud.yml
	EndProjectSection
EndProject
Project("{2150E333-8FDC-42A3-9474-1A3956D46DE8}") = "Documentation", "Documentation", "{9181B59D-77D7-4315-96E3-A70028F84346}"
	ProjectSection(SolutionItems) = preProject
		documentation\rules\RH0001.md = documentation\rules\RH0001.md
		documentation\rules\RH0002.md = documentation\rules\RH0002.md
		documentation\rules\RH1001.md = documentation\rules\RH1001.md
		documentation\rules\RH1002.md = documentation\rules\RH1002.md
		documentation\rules\RH1003.md = documentation\rules\RH1003.md
		documentation\rules\RH2001.md = documentation\rules\RH2001.md
		documentation\rules\RH2002.md = documentation\rules\RH2002.md
		documentation\rules\RH2003.md = documentation\rules\RH2003.md
		documentation\rules\RH2004.md = documentation\rules\RH2004.md
		documentation\rules\RH2005.md = documentation\rules\RH2005.md
		documentation\rules\RH2006.md = documentation\rules\RH2006.md
		documentation\rules\RH2007.md = documentation\rules\RH2007.md
		documentation\rules\RH2101.md = documentation\rules\RH2101.md
		documentation\rules\RH2102.md = documentation\rules\RH2102.md
		documentation\rules\RH2103.md = documentation\rules\RH2103.md
		documentation\rules\RH2104.md = documentation\rules\RH2104.md
		documentation\rules\RH2105.md = documentation\rules\RH2105.md
		documentation\rules\RH2106.md = documentation\rules\RH2106.md
		documentation\rules\RH2107.md = documentation\rules\RH2107.md
		documentation\rules\RH2108.md = documentation\rules\RH2108.md
		documentation\rules\RH2109.md = documentation\rules\RH2109.md
		documentation\rules\RH3001.md = documentation\rules\RH3001.md
		documentation\rules\RH3002.md = documentation\rules\RH3002.md
		documentation\rules\RH3003.md = documentation\rules\RH3003.md
		documentation\rules\RH3004.md = documentation\rules\RH3004.md
		documentation\rules\RH3005.md = documentation\rules\RH3005.md
		documentation\rules\RH3006.md = documentation\rules\RH3006.md
		documentation\rules\RH3007.md = documentation\rules\RH3007.md
		documentation\rules\RH3101.md = documentation\rules\RH3101.md
		documentation\rules\RH3102.md = documentation\rules\RH3102.md
		documentation\rules\RH3103.md = documentation\rules\RH3103.md
		documentation\rules\RH3104.md = documentation\rules\RH3104.md
		documentation\rules\RH3105.md = documentation\rules\RH3105.md
		documentation\rules\RH3106.md = documentation\rules\RH3106.md
		documentation\rules\RH3107.md = documentation\rules\RH3107.md
		documentation\rules\RH3201.md = documentation\rules\RH3201.md
		documentation\rules\RH3202.md = documentation\rules\RH3202.md
		documentation\rules\RH3203.md = documentation\rules\RH3203.md
		documentation\rules\RH3204.md = documentation\rules\RH3204.md
		documentation\rules\RH4001.md = documentation\rules\RH4001.md
		documentation\rules\RH4002.md = documentation\rules\RH4002.md
		documentation\rules\RH4003.md = documentation\rules\RH4003.md
		documentation\rules\RH4004.md = documentation\rules\RH4004.md
		documentation\rules\RH4005.md = documentation\rules\RH4005.md
		documentation\rules\RH4006.md = documentation\rules\RH4006.md
		documentation\rules\RH4007.md = documentation\rules\RH4007.md
		documentation\rules\RH4008.md = documentation\rules\RH4008.md
		documentation\rules\RH4009.md = documentation\rules\RH4009.md
		documentation\rules\RH4010.md = documentation\rules\RH4010.md
		documentation\rules\RH4011.md = documentation\rules\RH4011.md
		documentation\rules\RH4101.md = documentation\rules\RH4101.md
		documentation\rules\RH4102.md = documentation\rules\RH4102.md
		documentation\rules\RH4103.md = documentation\rules\RH4103.md
		documentation\rules\RH4104.md = documentation\rules\RH4104.md
		documentation\rules\RH4105.md = documentation\rules\RH4105.md
		documentation\rules\RH4106.md = documentation\rules\RH4106.md
		documentation\rules\RH4107.md = documentation\rules\RH4107.md
		documentation\rules\RH4108.md = documentation\rules\RH4108.md
		documentation\rules\RH4109.md = documentation\rules\RH4109.md
		documentation\rules\RH4110.md = documentation\rules\RH4110.md
		documentation\rules\RH4111.md = documentation\rules\RH4111.md
		documentation\rules\RH4112.md = documentation\rules\RH4112.md
		documentation\rules\RH4113.md = documentation\rules\RH4113.md
		documentation\rules\RH4114.md = documentation\rules\RH4114.md
		documentation\rules\RH4115.md = documentation\rules\RH4115.md
		documentation\rules\RH4116.md = documentation\rules\RH4116.md
		documentation\rules\RH4117.md = documentation\rules\RH4117.md
		documentation\rules\RH4118.md = documentation\rules\RH4118.md
		documentation\rules\RH4119.md = documentation\rules\RH4119.md
		documentation\rules\RH4120.md = documentation\rules\RH4120.md
		documentation\rules\RH5001.md = documentation\rules\RH5001.md
		documentation\rules\RH5002.md = documentation\rules\RH5002.md
		documentation\rules\RH5003.md = documentation\rules\RH5003.md
		documentation\rules\RH5004.md = documentation\rules\RH5004.md
		documentation\rules\RH5005.md = documentation\rules\RH5005.md
		documentation\rules\RH5006.md = documentation\rules\RH5006.md
		documentation\rules\RH5007.md = documentation\rules\RH5007.md
		documentation\rules\RH5008.md = documentation\rules\RH5008.md
		documentation\rules\RH5009.md = documentation\rules\RH5009.md
		documentation\rules\RH5010.md = documentation\rules\RH5010.md
		documentation\rules\RH5011.md = documentation\rules\RH5011.md
		documentation\rules\RH5012.md = documentation\rules\RH5012.md
		documentation\rules\RH5013.md = documentation\rules\RH5013.md
		documentation\rules\RH5014.md = documentation\rules\RH5014.md
		documentation\rules\RH5015.md = documentation\rules\RH5015.md
		documentation\rules\RH5016.md = documentation\rules\RH5016.md
		documentation\rules\RH5017.md = documentation\rules\RH5017.md
		documentation\rules\RH5018.md = documentation\rules\RH5018.md
		documentation\rules\RH5019.md = documentation\rules\RH5019.md
		documentation\rules\RH5020.md = documentation\rules\RH5020.md
		documentation\rules\RH5021.md = documentation\rules\RH5021.md
		documentation\rules\RH5022.md = documentation\rules\RH5022.md
		documentation\rules\RH5023.md = documentation\rules\RH5023.md
		documentation\rules\RH5024.md = documentation\rules\RH5024.md
		documentation\rules\RH5025.md = documentation\rules\RH5025.md
		documentation\rules\RH5026.md = documentation\rules\RH5026.md
		documentation\rules\RH5027.md = documentation\rules\RH5027.md
		documentation\rules\RH5028.md = documentation\rules\RH5028.md
		documentation\rules\RH5029.md = documentation\rules\RH5029.md
		documentation\rules\RH5030.md = documentation\rules\RH5030.md
		documentation\rules\RH5031.md = documentation\rules\RH5031.md
		documentation\rules\RH5032.md = documentation\rules\RH5032.md
		documentation\rules\RH5101.md = documentation\rules\RH5101.md
		documentation\rules\RH5102.md = documentation\rules\RH5102.md
		documentation\rules\RH5103.md = documentation\rules\RH5103.md
		documentation\rules\RH5104.md = documentation\rules\RH5104.md
		documentation\rules\RH5105.md = documentation\rules\RH5105.md
		documentation\rules\RH5106.md = documentation\rules\RH5106.md
		documentation\rules\RH5107.md = documentation\rules\RH5107.md
		documentation\rules\RH5108.md = documentation\rules\RH5108.md
		documentation\rules\RH5109.md = documentation\rules\RH5109.md
		documentation\rules\RH5110.md = documentation\rules\RH5110.md
		documentation\rules\RH5111.md = documentation\rules\RH5111.md
		documentation\rules\RH5112.md = documentation\rules\RH5112.md
		documentation\rules\RH5201.md = documentation\rules\RH5201.md
		documentation\rules\RH5202.md = documentation\rules\RH5202.md
		documentation\rules\RH5203.md = documentation\rules\RH5203.md
		documentation\rules\RH5204.md = documentation\rules\RH5204.md
		documentation\rules\RH5205.md = documentation\rules\RH5205.md
		documentation\rules\RH5206.md = documentation\rules\RH5206.md
		documentation\rules\RH5301.md = documentation\rules\RH5301.md
		documentation\rules\RH5302.md = documentation\rules\RH5302.md
		documentation\rules\RH5303.md = documentation\rules\RH5303.md
		documentation\rules\RH5304.md = documentation\rules\RH5304.md
		documentation\rules\RH5305.md = documentation\rules\RH5305.md
		documentation\rules\RH5306.md = documentation\rules\RH5306.md
		documentation\rules\RH5307.md = documentation\rules\RH5307.md
		documentation\rules\RH5401.md = documentation\rules\RH5401.md
		documentation\rules\RH5402.md = documentation\rules\RH5402.md
		documentation\rules\RH5403.md = documentation\rules\RH5403.md
		documentation\rules\RH5404.md = documentation\rules\RH5404.md
		documentation\rules\RH5405.md = documentation\rules\RH5405.md
		documentation\rules\RH5406.md = documentation\rules\RH5406.md
		documentation\rules\RH5407.md = documentation\rules\RH5407.md
		documentation\rules\RH5408.md = documentation\rules\RH5408.md
		documentation\rules\RH5409.md = documentation\rules\RH5409.md
		documentation\rules\RH5410.md = documentation\rules\RH5410.md
		documentation\rules\RH5411.md = documentation\rules\RH5411.md
		documentation\rules\RH5412.md = documentation\rules\RH5412.md
		documentation\rules\RH5413.md = documentation\rules\RH5413.md
		documentation\rules\RH5414.md = documentation\rules\RH5414.md
		documentation\rules\RH5415.md = documentation\rules\RH5415.md
		documentation\rules\RH5416.md = documentation\rules\RH5416.md
		documentation\rules\RH5501.md = documentation\rules\RH5501.md
		documentation\rules\RH5502.md = documentation\rules\RH5502.md
		documentation\rules\RH5503.md = documentation\rules\RH5503.md
		documentation\rules\RH5504.md = documentation\rules\RH5504.md
		documentation\rules\RH5505.md = documentation\rules\RH5505.md
		documentation\rules\RH5506.md = documentation\rules\RH5506.md
		documentation\rules\RH5507.md = documentation\rules\RH5507.md
		documentation\rules\RH5508.md = documentation\rules\RH5508.md
		documentation\rules\RH5509.md = documentation\rules\RH5509.md
		documentation\rules\RH5510.md = documentation\rules\RH5510.md
		documentation\rules\RH5511.md = documentation\rules\RH5511.md
		documentation\rules\RH5512.md = documentation\rules\RH5512.md
		documentation\rules\RH5513.md = documentation\rules\RH5513.md
		documentation\rules\RH5514.md = documentation\rules\RH5514.md
		documentation\rules\RH5515.md = documentation\rules\RH5515.md
		documentation\rules\RH5516.md = documentation\rules\RH5516.md
		documentation\rules\RH5517.md = documentation\rules\RH5517.md
		documentation\rules\RH5518.md = documentation\rules\RH5518.md
		documentation\rules\RH5519.md = documentation\rules\RH5519.md
		documentation\rules\RH5520.md = documentation\rules\RH5520.md
		documentation\rules\RH5521.md = documentation\rules\RH5521.md
		documentation\rules\RH5522.md = documentation\rules\RH5522.md
		documentation\rules\RH5523.md = documentation\rules\RH5523.md
		documentation\rules\RH5524.md = documentation\rules\RH5524.md
		documentation\rules\RH5525.md = documentation\rules\RH5525.md
		documentation\rules\RH5526.md = documentation\rules\RH5526.md
		documentation\rules\RH5527.md = documentation\rules\RH5527.md
		documentation\rules\RH5528.md = documentation\rules\RH5528.md
		documentation\rules\RH5529.md = documentation\rules\RH5529.md
		documentation\rules\RH5530.md = documentation\rules\RH5530.md
		documentation\rules\RH5531.md = documentation\rules\RH5531.md
		documentation\rules\RH5601.md = documentation\rules\RH5601.md
		documentation\rules\RH5602.md = documentation\rules\RH5602.md
		documentation\rules\RH5603.md = documentation\rules\RH5603.md
		documentation\rules\RH5604.md = documentation\rules\RH5604.md
		documentation\rules\RH6001.md = documentation\rules\RH6001.md
		documentation\rules\RH6002.md = documentation\rules\RH6002.md
		documentation\rules\RH6003.md = documentation\rules\RH6003.md
		documentation\rules\RH6004.md = documentation\rules\RH6004.md
		documentation\rules\RH6005.md = documentation\rules\RH6005.md
		documentation\rules\RH6006.md = documentation\rules\RH6006.md
		documentation\rules\RH6007.md = documentation\rules\RH6007.md
		documentation\rules\RH6008.md = documentation\rules\RH6008.md
		documentation\rules\RH6009.md = documentation\rules\RH6009.md
		documentation\rules\RH6010.md = documentation\rules\RH6010.md
		documentation\rules\RH6011.md = documentation\rules\RH6011.md
		documentation\rules\RH6012.md = documentation\rules\RH6012.md
		documentation\rules\RH6013.md = documentation\rules\RH6013.md
		documentation\rules\RH6014.md = documentation\rules\RH6014.md
		documentation\rules\RH6015.md = documentation\rules\RH6015.md
		documentation\rules\RH6016.md = documentation\rules\RH6016.md
		documentation\rules\RH6017.md = documentation\rules\RH6017.md
		documentation\rules\RH6018.md = documentation\rules\RH6018.md
		documentation\rules\RH6019.md = documentation\rules\RH6019.md
		documentation\rules\RH6020.md = documentation\rules\RH6020.md
		documentation\rules\RH6021.md = documentation\rules\RH6021.md
		documentation\rules\RH6022.md = documentation\rules\RH6022.md
		documentation\rules\RH7001.md = documentation\rules\RH7001.md
		documentation\rules\RH7002.md = documentation\rules\RH7002.md
		documentation\rules\RH7003.md = documentation\rules\RH7003.md
		documentation\rules\RH7004.md = documentation\rules\RH7004.md
		documentation\rules\RH7101.md = documentation\rules\RH7101.md
		documentation\rules\RH7102.md = documentation\rules\RH7102.md
		documentation\rules\RH7103.md = documentation\rules\RH7103.md
		documentation\rules\RH7104.md = documentation\rules\RH7104.md
		documentation\rules\RH7105.md = documentation\rules\RH7105.md
		documentation\rules\RH7106.md = documentation\rules\RH7106.md
		documentation\rules\RH7107.md = documentation\rules\RH7107.md
		documentation\rules\RH7108.md = documentation\rules\RH7108.md
		documentation\rules\RH7109.md = documentation\rules\RH7109.md
		documentation\rules\RH7201.md = documentation\rules\RH7201.md
		documentation\rules\RH7202.md = documentation\rules\RH7202.md
		documentation\rules\RH7203.md = documentation\rules\RH7203.md
		documentation\rules\RH7204.md = documentation\rules\RH7204.md
		documentation\rules\RH7205.md = documentation\rules\RH7205.md
		documentation\rules\RH7206.md = documentation\rules\RH7206.md
		documentation\rules\RH7207.md = documentation\rules\RH7207.md
		documentation\rules\RH7301.md = documentation\rules\RH7301.md
		documentation\rules\RH7302.md = documentation\rules\RH7302.md
		documentation\rules\RH7303.md = documentation\rules\RH7303.md
		documentation\rules\RH7304.md = documentation\rules\RH7304.md
		documentation\rules\RH7305.md = documentation\rules\RH7305.md
		documentation\rules\RH7305A.md = documentation\rules\RH7305A.md
		documentation\rules\RH7306.md = documentation\rules\RH7306.md
		documentation\rules\RH7307.md = documentation\rules\RH7307.md
		documentation\rules\RH7308.md = documentation\rules\RH7308.md
		documentation\rules\RH7401.md = documentation\rules\RH7401.md
		documentation\rules\RH7402.md = documentation\rules\RH7402.md
		documentation\rules\RH7403.md = documentation\rules\RH7403.md
		documentation\rules\RH7404.md = documentation\rules\RH7404.md
		documentation\rules\RH7405.md = documentation\rules\RH7405.md
		documentation\rules\RH7406.md = documentation\rules\RH7406.md
		documentation\rules\RH7407.md = documentation\rules\RH7407.md
		documentation\rules\RH7408.md = documentation\rules\RH7408.md
		documentation\rules\RH7501.md = documentation\rules\RH7501.md
		documentation\rules\RH8001.md = documentation\rules\RH8001.md
		documentation\rules\RH8002.md = documentation\rules\RH8002.md
		documentation\rules\RH8003.md = documentation\rules\RH8003.md
		documentation\rules\RH8004.md = documentation\rules\RH8004.md
		documentation\rules\RH8005.md = documentation\rules\RH8005.md
		documentation\rules\RH8006.md = documentation\rules\RH8006.md
		documentation\rules\RH8007.md = documentation\rules\RH8007.md
		documentation\rules\RH8008.md = documentation\rules\RH8008.md
		documentation\rules\RH8009.md = documentation\rules\RH8009.md
		documentation\rules\RH8010.md = documentation\rules\RH8010.md
		documentation\rules\RH8011.md = documentation\rules\RH8011.md
		documentation\rules\RH8012.md = documentation\rules\RH8012.md
		documentation\rules\RH8013.md = documentation\rules\RH8013.md
		documentation\rules\RH8014.md = documentation\rules\RH8014.md
		documentation\rules\RH8015.md = documentation\rules\RH8015.md
		documentation\rules\RH8016.md = documentation\rules\RH8016.md
		documentation\rules\RH8017.md = documentation\rules\RH8017.md
		documentation\rules\RH8018.md = documentation\rules\RH8018.md
		documentation\rules\RH8019.md = documentation\rules\RH8019.md
		documentation\rules\RH8020.md = documentation\rules\RH8020.md
		documentation\rules\RH8021.md = documentation\rules\RH8021.md
		documentation\rules\RH8022.md = documentation\rules\RH8022.md
		documentation\rules\RH8023.md = documentation\rules\RH8023.md
		documentation\rules\RH8024.md = documentation\rules\RH8024.md
		documentation\rules\RH8025.md = documentation\rules\RH8025.md
		documentation\rules\RH8026.md = documentation\rules\RH8026.md
		documentation\rules\RH8027.md = documentation\rules\RH8027.md
		documentation\rules\RH8028.md = documentation\rules\RH8028.md
		documentation\rules\RH8029.md = documentation\rules\RH8029.md
		documentation\rules\RH8030.md = documentation\rules\RH8030.md
		documentation\rules\RH8031.md = documentation\rules\RH8031.md
		documentation\rules\RH8032.md = documentation\rules\RH8032.md
		documentation\rules\RH8033.md = documentation\rules\RH8033.md
		documentation\rules\RH8101.md = documentation\rules\RH8101.md
		documentation\rules\RH8102.md = documentation\rules\RH8102.md
		documentation\rules\RH8103.md = documentation\rules\RH8103.md
		documentation\rules\RH8104.md = documentation\rules\RH8104.md
		documentation\rules\RH8105.md = documentation\rules\RH8105.md
		documentation\rules\RH8106.md = documentation\rules\RH8106.md
		documentation\rules\RH8107.md = documentation\rules\RH8107.md
		documentation\rules\RH8108.md = documentation\rules\RH8108.md
		documentation\rules\RH8109.md = documentation\rules\RH8109.md
		documentation\rules\RH8110.md = documentation\rules\RH8110.md
		documentation\rules\RH8111.md = documentation\rules\RH8111.md
		documentation\rules\RH8201.md = documentation\rules\RH8201.md
		documentation\rules\RH8202.md = documentation\rules\RH8202.md
		documentation\rules\RH8203.md = documentation\rules\RH8203.md
		documentation\rules\RH8204.md = documentation\rules\RH8204.md
		documentation\rules\RH8301.md = documentation\rules\RH8301.md
		documentation\rules\RH8302.md = documentation\rules\RH8302.md
		documentation\rules\RH8303.md = documentation\rules\RH8303.md
		documentation\rules\RH8304.md = documentation\rules\RH8304.md
		documentation\rules\RH8305.md = documentation\rules\RH8305.md
		documentation\rules\RH8306.md = documentation\rules\RH8306.md
		documentation\rules\RH8307.md = documentation\rules\RH8307.md
		documentation\rules\RH8308.md = documentation\rules\RH8308.md
		documentation\rules\RH8401.md = documentation\rules\RH8401.md
		documentation\rules\RH8402.md = documentation\rules\RH8402.md
		documentation\rules\RH8501.md = documentation\rules\RH8501.md
	EndProjectSection
EndProject
Project("{FAE04EC0-301F-11D3-BF4B-00C04F79EFBC}") = "Reihitsu.Formatter", "Reihitsu.Formatter\Reihitsu.Formatter.csproj", "{E0C1F14C-6D72-4719-998B-F076CFCD665C}"
EndProject
Project("{FAE04EC0-301F-11D3-BF4B-00C04F79EFBC}") = "Reihitsu.Formatter.Test", "Reihitsu.Formatter.Test\Reihitsu.Formatter.Test.csproj", "{C55DE3AC-3027-4B8B-AE2A-12FDBBB3B908}"
EndProject
Project("{FAE04EC0-301F-11D3-BF4B-00C04F79EFBC}") = "Reihitsu.Cli", "Reihitsu.Cli\Reihitsu.Cli.csproj", "{A1B2C3D4-E5F6-7890-ABCD-EF1234567890}"
EndProject
Project("{FAE04EC0-301F-11D3-BF4B-00C04F79EFBC}") = "Reihitsu.Cli.Test", "Reihitsu.Cli.Test\Reihitsu.Cli.Test.csproj", "{CEFCDC4D-1738-4B47-8212-CB37FF659773}"
EndProject
Project("{2150E333-8FDC-42A3-9474-1A3956D46DE8}") = "Scripts", "Scripts", "{5EEF23E5-D408-4949-9A9B-42D96B35882D}"
	ProjectSection(SolutionItems) = preProject
		scripts\install_cli.ps1 = scripts\install_cli.ps1
	EndProjectSection
EndProject
Project("{2150E333-8FDC-42A3-9474-1A3956D46DE8}") = "Tests", "Tests", "{0D60025A-7C27-41A2-9512-09633033A1C0}"
EndProject
Project("{2150E333-8FDC-42A3-9474-1A3956D46DE8}") = "Analyzer", "Analyzer", "{993F7A87-91E0-4B4F-BC8C-FCA5BA91008B}"
EndProject
Project("{2150E333-8FDC-42A3-9474-1A3956D46DE8}") = "Formatter", "Formatter", "{1D8454CC-5EF1-4880-A4A5-A319FC9441B0}"
EndProject
Project("{FAE04EC0-301F-11D3-BF4B-00C04F79EFBC}") = "Reihitsu.Core", "Reihitsu.Core\Reihitsu.Core.csproj", "{654A9D3D-F9A9-4A71-B330-C981AEA955FD}"
EndProject
Project("{FAE04EC0-301F-11D3-BF4B-00C04F79EFBC}") = "Reihitsu.Core.Test", "Reihitsu.Core.Test\Reihitsu.Core.Test.csproj", "{EFB394D4-10D1-4EB0-88F9-17FAE4DAC96C}"
EndProject
Project("{FAE04EC0-301F-11D3-BF4B-00C04F79EFBC}") = "Reihitsu.ArchitectureTests", "Reihitsu.ArchitectureTests\Reihitsu.ArchitectureTests.csproj", "{CD8AE0B3-3956-40F2-9FD8-04C8FA0D1C7C}"
EndProject
Global
	GlobalSection(SolutionConfigurationPlatforms) = preSolution
		Debug|Any CPU = Debug|Any CPU
		Debug|x64 = Debug|x64
		Debug|x86 = Debug|x86
		Release|Any CPU = Release|Any CPU
		Release|x64 = Release|x64
		Release|x86 = Release|x86
	EndGlobalSection
	GlobalSection(ProjectConfigurationPlatforms) = postSolution
		{3CD0BCF3-D255-4CEB-B9F5-F8B9AEAE9400}.Debug|Any CPU.ActiveCfg = Debug|Any CPU
		{3CD0BCF3-D255-4CEB-B9F5-F8B9AEAE9400}.Debug|Any CPU.Build.0 = Debug|Any CPU
		{3CD0BCF3-D255-4CEB-B9F5-F8B9AEAE9400}.Debug|x64.ActiveCfg = Debug|Any CPU
		{3CD0BCF3-D255-4CEB-B9F5-F8B9AEAE9400}.Debug|x64.Build.0 = Debug|Any CPU
		{3CD0BCF3-D255-4CEB-B9F5-F8B9AEAE9400}.Debug|x86.ActiveCfg = Debug|Any CPU
		{3CD0BCF3-D255-4CEB-B9F5-F8B9AEAE9400}.Debug|x86.Build.0 = Debug|Any CPU
		{3CD0BCF3-D255-4CEB-B9F5-F8B9AEAE9400}.Release|Any CPU.ActiveCfg = Release|Any CPU
		{3CD0BCF3-D255-4CEB-B9F5-F8B9AEAE9400}.Release|Any CPU.Build.0 = Release|Any CPU
		{3CD0BCF3-D255-4CEB-B9F5-F8B9AEAE9400}.Release|x64.ActiveCfg = Release|Any CPU
		{3CD0BCF3-D255-4CEB-B9F5-F8B9AEAE9400}.Release|x64.Build.0 = Release|Any CPU
		{3CD0BCF3-D255-4CEB-B9F5-F8B9AEAE9400}.Release|x86.ActiveCfg = Release|Any CPU
		{3CD0BCF3-D255-4CEB-B9F5-F8B9AEAE9400}.Release|x86.Build.0 = Release|Any CPU
		{656A7128-E770-4240-AF0B-F74C127BA307}.Debug|Any CPU.ActiveCfg = Debug|Any CPU
		{656A7128-E770-4240-AF0B-F74C127BA307}.Debug|Any CPU.Build.0 = Debug|Any CPU
		{656A7128-E770-4240-AF0B-F74C127BA307}.Debug|x64.ActiveCfg = Debug|Any CPU
		{656A7128-E770-4240-AF0B-F74C127BA307}.Debug|x64.Build.0 = Debug|Any CPU
		{656A7128-E770-4240-AF0B-F74C127BA307}.Debug|x86.ActiveCfg = Debug|Any CPU
		{656A7128-E770-4240-AF0B-F74C127BA307}.Debug|x86.Build.0 = Debug|Any CPU
		{656A7128-E770-4240-AF0B-F74C127BA307}.Release|Any CPU.ActiveCfg = Release|Any CPU
		{656A7128-E770-4240-AF0B-F74C127BA307}.Release|Any CPU.Build.0 = Release|Any CPU
		{656A7128-E770-4240-AF0B-F74C127BA307}.Release|x64.ActiveCfg = Release|Any CPU
		{656A7128-E770-4240-AF0B-F74C127BA307}.Release|x64.Build.0 = Release|Any CPU
		{656A7128-E770-4240-AF0B-F74C127BA307}.Release|x86.ActiveCfg = Release|Any CPU
		{656A7128-E770-4240-AF0B-F74C127BA307}.Release|x86.Build.0 = Release|Any CPU
		{F84C1FEB-DA12-4DFD-8145-CBB2DF90A783}.Debug|Any CPU.ActiveCfg = Debug|Any CPU
		{F84C1FEB-DA12-4DFD-8145-CBB2DF90A783}.Debug|x64.ActiveCfg = Debug|Any CPU
		{F84C1FEB-DA12-4DFD-8145-CBB2DF90A783}.Debug|x64.Build.0 = Debug|Any CPU
		{F84C1FEB-DA12-4DFD-8145-CBB2DF90A783}.Debug|x86.ActiveCfg = Debug|Any CPU
		{F84C1FEB-DA12-4DFD-8145-CBB2DF90A783}.Debug|x86.Build.0 = Debug|Any CPU
		{F84C1FEB-DA12-4DFD-8145-CBB2DF90A783}.Release|Any CPU.ActiveCfg = Release|Any CPU
		{F84C1FEB-DA12-4DFD-8145-CBB2DF90A783}.Release|Any CPU.Build.0 = Release|Any CPU
		{F84C1FEB-DA12-4DFD-8145-CBB2DF90A783}.Release|x64.ActiveCfg = Release|Any CPU
		{F84C1FEB-DA12-4DFD-8145-CBB2DF90A783}.Release|x64.Build.0 = Release|Any CPU
		{F84C1FEB-DA12-4DFD-8145-CBB2DF90A783}.Release|x86.ActiveCfg = Release|Any CPU
		{F84C1FEB-DA12-4DFD-8145-CBB2DF90A783}.Release|x86.Build.0 = Release|Any CPU
		{5B04607B-ED64-4C9D-BF8E-6C18BD15C336}.Debug|Any CPU.ActiveCfg = Debug|Any CPU
		{5B04607B-ED64-4C9D-BF8E-6C18BD15C336}.Debug|Any CPU.Build.0 = Debug|Any CPU
		{5B04607B-ED64-4C9D-BF8E-6C18BD15C336}.Debug|x64.ActiveCfg = Debug|Any CPU
		{5B04607B-ED64-4C9D-BF8E-6C18BD15C336}.Debug|x64.Build.0 = Debug|Any CPU
		{5B04607B-ED64-4C9D-BF8E-6C18BD15C336}.Debug|x86.ActiveCfg = Debug|Any CPU
		{5B04607B-ED64-4C9D-BF8E-6C18BD15C336}.Debug|x86.Build.0 = Debug|Any CPU
		{5B04607B-ED64-4C9D-BF8E-6C18BD15C336}.Release|Any CPU.ActiveCfg = Release|Any CPU
		{5B04607B-ED64-4C9D-BF8E-6C18BD15C336}.Release|Any CPU.Build.0 = Release|Any CPU
		{5B04607B-ED64-4C9D-BF8E-6C18BD15C336}.Release|x64.ActiveCfg = Release|Any CPU
		{5B04607B-ED64-4C9D-BF8E-6C18BD15C336}.Release|x64.Build.0 = Release|Any CPU
		{5B04607B-ED64-4C9D-BF8E-6C18BD15C336}.Release|x86.ActiveCfg = Release|Any CPU
		{5B04607B-ED64-4C9D-BF8E-6C18BD15C336}.Release|x86.Build.0 = Release|Any CPU
		{E0C1F14C-6D72-4719-998B-F076CFCD665C}.Debug|Any CPU.ActiveCfg = Debug|Any CPU
		{E0C1F14C-6D72-4719-998B-F076CFCD665C}.Debug|Any CPU.Build.0 = Debug|Any CPU
		{E0C1F14C-6D72-4719-998B-F076CFCD665C}.Debug|x64.ActiveCfg = Debug|Any CPU
		{E0C1F14C-6D72-4719-998B-F076CFCD665C}.Debug|x64.Build.0 = Debug|Any CPU
		{E0C1F14C-6D72-4719-998B-F076CFCD665C}.Debug|x86.ActiveCfg = Debug|Any CPU
		{E0C1F14C-6D72-4719-998B-F076CFCD665C}.Debug|x86.Build.0 = Debug|Any CPU
		{E0C1F14C-6D72-4719-998B-F076CFCD665C}.Release|Any CPU.ActiveCfg = Release|Any CPU
		{E0C1F14C-6D72-4719-998B-F076CFCD665C}.Release|Any CPU.Build.0 = Release|Any CPU
		{E0C1F14C-6D72-4719-998B-F076CFCD665C}.Release|x64.ActiveCfg = Release|Any CPU
		{E0C1F14C-6D72-4719-998B-F076CFCD665C}.Release|x64.Build.0 = Release|Any CPU
		{E0C1F14C-6D72-4719-998B-F076CFCD665C}.Release|x86.ActiveCfg = Release|Any CPU
		{E0C1F14C-6D72-4719-998B-F076CFCD665C}.Release|x86.Build.0 = Release|Any CPU
		{C55DE3AC-3027-4B8B-AE2A-12FDBBB3B908}.Debug|Any CPU.ActiveCfg = Debug|Any CPU
		{C55DE3AC-3027-4B8B-AE2A-12FDBBB3B908}.Debug|Any CPU.Build.0 = Debug|Any CPU
		{C55DE3AC-3027-4B8B-AE2A-12FDBBB3B908}.Debug|x64.ActiveCfg = Debug|Any CPU
		{C55DE3AC-3027-4B8B-AE2A-12FDBBB3B908}.Debug|x64.Build.0 = Debug|Any CPU
		{C55DE3AC-3027-4B8B-AE2A-12FDBBB3B908}.Debug|x86.ActiveCfg = Debug|Any CPU
		{C55DE3AC-3027-4B8B-AE2A-12FDBBB3B908}.Debug|x86.Build.0 = Debug|Any CPU
		{C55DE3AC-3027-4B8B-AE2A-12FDBBB3B908}.Release|Any CPU.ActiveCfg = Release|Any CPU
		{C55DE3AC-3027-4B8B-AE2A-12FDBBB3B908}.Release|Any CPU.Build.0 = Release|Any CPU
		{C55DE3AC-3027-4B8B-AE2A-12FDBBB3B908}.Release|x64.ActiveCfg = Release|Any CPU
		{C55DE3AC-3027-4B8B-AE2A-12FDBBB3B908}.Release|x64.Build.0 = Release|Any CPU
		{C55DE3AC-3027-4B8B-AE2A-12FDBBB3B908}.Release|x86.ActiveCfg = Release|Any CPU
		{C55DE3AC-3027-4B8B-AE2A-12FDBBB3B908}.Release|x86.Build.0 = Release|Any CPU
		{A1B2C3D4-E5F6-7890-ABCD-EF1234567890}.Debug|Any CPU.ActiveCfg = Debug|Any CPU
		{A1B2C3D4-E5F6-7890-ABCD-EF1234567890}.Debug|Any CPU.Build.0 = Debug|Any CPU
		{A1B2C3D4-E5F6-7890-ABCD-EF1234567890}.Debug|x64.ActiveCfg = Debug|Any CPU
		{A1B2C3D4-E5F6-7890-ABCD-EF1234567890}.Debug|x64.Build.0 = Debug|Any CPU
		{A1B2C3D4-E5F6-7890-ABCD-EF1234567890}.Debug|x86.ActiveCfg = Debug|Any CPU
		{A1B2C3D4-E5F6-7890-ABCD-EF1234567890}.Debug|x86.Build.0 = Debug|Any CPU
		{A1B2C3D4-E5F6-7890-ABCD-EF1234567890}.Release|Any CPU.ActiveCfg = Release|Any CPU
		{A1B2C3D4-E5F6-7890-ABCD-EF1234567890}.Release|Any CPU.Build.0 = Release|Any CPU
		{A1B2C3D4-E5F6-7890-ABCD-EF1234567890}.Release|x64.ActiveCfg = Release|Any CPU
		{A1B2C3D4-E5F6-7890-ABCD-EF1234567890}.Release|x64.Build.0 = Release|Any CPU
		{A1B2C3D4-E5F6-7890-ABCD-EF1234567890}.Release|x86.ActiveCfg = Release|Any CPU
		{A1B2C3D4-E5F6-7890-ABCD-EF1234567890}.Release|x86.Build.0 = Release|Any CPU
		{CEFCDC4D-1738-4B47-8212-CB37FF659773}.Debug|Any CPU.ActiveCfg = Debug|Any CPU
		{CEFCDC4D-1738-4B47-8212-CB37FF659773}.Debug|Any CPU.Build.0 = Debug|Any CPU
		{CEFCDC4D-1738-4B47-8212-CB37FF659773}.Debug|x64.ActiveCfg = Debug|Any CPU
		{CEFCDC4D-1738-4B47-8212-CB37FF659773}.Debug|x64.Build.0 = Debug|Any CPU
		{CEFCDC4D-1738-4B47-8212-CB37FF659773}.Debug|x86.ActiveCfg = Debug|Any CPU
		{CEFCDC4D-1738-4B47-8212-CB37FF659773}.Debug|x86.Build.0 = Debug|Any CPU
		{CEFCDC4D-1738-4B47-8212-CB37FF659773}.Release|Any CPU.ActiveCfg = Release|Any CPU
		{CEFCDC4D-1738-4B47-8212-CB37FF659773}.Release|Any CPU.Build.0 = Release|Any CPU
		{CEFCDC4D-1738-4B47-8212-CB37FF659773}.Release|x64.ActiveCfg = Release|Any CPU
		{CEFCDC4D-1738-4B47-8212-CB37FF659773}.Release|x64.Build.0 = Release|Any CPU
		{CEFCDC4D-1738-4B47-8212-CB37FF659773}.Release|x86.ActiveCfg = Release|Any CPU
		{CEFCDC4D-1738-4B47-8212-CB37FF659773}.Release|x86.Build.0 = Release|Any CPU
		{654A9D3D-F9A9-4A71-B330-C981AEA955FD}.Debug|Any CPU.ActiveCfg = Debug|Any CPU
		{654A9D3D-F9A9-4A71-B330-C981AEA955FD}.Debug|Any CPU.Build.0 = Debug|Any CPU
		{654A9D3D-F9A9-4A71-B330-C981AEA955FD}.Debug|x64.ActiveCfg = Debug|Any CPU
		{654A9D3D-F9A9-4A71-B330-C981AEA955FD}.Debug|x64.Build.0 = Debug|Any CPU
		{654A9D3D-F9A9-4A71-B330-C981AEA955FD}.Debug|x86.ActiveCfg = Debug|Any CPU
		{654A9D3D-F9A9-4A71-B330-C981AEA955FD}.Debug|x86.Build.0 = Debug|Any CPU
		{654A9D3D-F9A9-4A71-B330-C981AEA955FD}.Release|Any CPU.ActiveCfg = Release|Any CPU
		{654A9D3D-F9A9-4A71-B330-C981AEA955FD}.Release|Any CPU.Build.0 = Release|Any CPU
		{654A9D3D-F9A9-4A71-B330-C981AEA955FD}.Release|x64.ActiveCfg = Release|Any CPU
		{654A9D3D-F9A9-4A71-B330-C981AEA955FD}.Release|x64.Build.0 = Release|Any CPU
		{654A9D3D-F9A9-4A71-B330-C981AEA955FD}.Release|x86.ActiveCfg = Release|Any CPU
		{654A9D3D-F9A9-4A71-B330-C981AEA955FD}.Release|x86.Build.0 = Release|Any CPU
		{EFB394D4-10D1-4EB0-88F9-17FAE4DAC96C}.Debug|Any CPU.ActiveCfg = Debug|Any CPU
		{EFB394D4-10D1-4EB0-88F9-17FAE4DAC96C}.Debug|Any CPU.Build.0 = Debug|Any CPU
		{EFB394D4-10D1-4EB0-88F9-17FAE4DAC96C}.Debug|x64.ActiveCfg = Debug|Any CPU
		{EFB394D4-10D1-4EB0-88F9-17FAE4DAC96C}.Debug|x64.Build.0 = Debug|Any CPU
		{EFB394D4-10D1-4EB0-88F9-17FAE4DAC96C}.Debug|x86.ActiveCfg = Debug|Any CPU
		{EFB394D4-10D1-4EB0-88F9-17FAE4DAC96C}.Debug|x86.Build.0 = Debug|Any CPU
		{EFB394D4-10D1-4EB0-88F9-17FAE4DAC96C}.Release|Any CPU.ActiveCfg = Release|Any CPU
		{EFB394D4-10D1-4EB0-88F9-17FAE4DAC96C}.Release|Any CPU.Build.0 = Release|Any CPU
		{EFB394D4-10D1-4EB0-88F9-17FAE4DAC96C}.Release|x64.ActiveCfg = Release|Any CPU
		{EFB394D4-10D1-4EB0-88F9-17FAE4DAC96C}.Release|x64.Build.0 = Release|Any CPU
		{EFB394D4-10D1-4EB0-88F9-17FAE4DAC96C}.Release|x86.ActiveCfg = Release|Any CPU
		{EFB394D4-10D1-4EB0-88F9-17FAE4DAC96C}.Release|x86.Build.0 = Release|Any CPU
		{CD8AE0B3-3956-40F2-9FD8-04C8FA0D1C7C}.Debug|Any CPU.ActiveCfg = Debug|Any CPU
		{CD8AE0B3-3956-40F2-9FD8-04C8FA0D1C7C}.Debug|Any CPU.Build.0 = Debug|Any CPU
		{CD8AE0B3-3956-40F2-9FD8-04C8FA0D1C7C}.Debug|x64.ActiveCfg = Debug|Any CPU
		{CD8AE0B3-3956-40F2-9FD8-04C8FA0D1C7C}.Debug|x64.Build.0 = Debug|Any CPU
		{CD8AE0B3-3956-40F2-9FD8-04C8FA0D1C7C}.Debug|x86.ActiveCfg = Debug|Any CPU
		{CD8AE0B3-3956-40F2-9FD8-04C8FA0D1C7C}.Debug|x86.Build.0 = Debug|Any CPU
		{CD8AE0B3-3956-40F2-9FD8-04C8FA0D1C7C}.Release|Any CPU.ActiveCfg = Release|Any CPU
		{CD8AE0B3-3956-40F2-9FD8-04C8FA0D1C7C}.Release|Any CPU.Build.0 = Release|Any CPU
		{CD8AE0B3-3956-40F2-9FD8-04C8FA0D1C7C}.Release|x64.ActiveCfg = Release|Any CPU
		{CD8AE0B3-3956-40F2-9FD8-04C8FA0D1C7C}.Release|x64.Build.0 = Release|Any CPU
		{CD8AE0B3-3956-40F2-9FD8-04C8FA0D1C7C}.Release|x86.ActiveCfg = Release|Any CPU
		{CD8AE0B3-3956-40F2-9FD8-04C8FA0D1C7C}.Release|x86.Build.0 = Release|Any CPU
	EndGlobalSection
	GlobalSection(SolutionProperties) = preSolution
		HideSolutionNode = FALSE
	EndGlobalSection
	GlobalSection(NestedProjects) = preSolution
		{3CD0BCF3-D255-4CEB-B9F5-F8B9AEAE9400} = {993F7A87-91E0-4B4F-BC8C-FCA5BA91008B}
		{656A7128-E770-4240-AF0B-F74C127BA307} = {993F7A87-91E0-4B4F-BC8C-FCA5BA91008B}
		{F84C1FEB-DA12-4DFD-8145-CBB2DF90A783} = {993F7A87-91E0-4B4F-BC8C-FCA5BA91008B}
		{5B04607B-ED64-4C9D-BF8E-6C18BD15C336} = {0D60025A-7C27-41A2-9512-09633033A1C0}
		{E0C1F14C-6D72-4719-998B-F076CFCD665C} = {1D8454CC-5EF1-4880-A4A5-A319FC9441B0}
		{C55DE3AC-3027-4B8B-AE2A-12FDBBB3B908} = {0D60025A-7C27-41A2-9512-09633033A1C0}
		{A1B2C3D4-E5F6-7890-ABCD-EF1234567890} = {1D8454CC-5EF1-4880-A4A5-A319FC9441B0}
		{CEFCDC4D-1738-4B47-8212-CB37FF659773} = {0D60025A-7C27-41A2-9512-09633033A1C0}
		{654A9D3D-F9A9-4A71-B330-C981AEA955FD} = {993F7A87-91E0-4B4F-BC8C-FCA5BA91008B}
		{EFB394D4-10D1-4EB0-88F9-17FAE4DAC96C} = {0D60025A-7C27-41A2-9512-09633033A1C0}
		{CD8AE0B3-3956-40F2-9FD8-04C8FA0D1C7C} = {0D60025A-7C27-41A2-9512-09633033A1C0}
	EndGlobalSection
	GlobalSection(ExtensibilityGlobals) = postSolution
		SolutionGuid = {137BBE7E-6903-4FD7-9BAC-0E9EB957D647}
	EndGlobalSection
EndGlobal
